
Microsoft Visual Studio Solution File, Format Version 12.00
# Visual Studio 2012
Project("{FAE04EC0-301F-11D3-BF4B-00C04F79EFBC}") = "prog", "prog\prog.csproj", "{50A67D4B-17B4-4ED9-A887-2DA1DEFE6EC0}"
EndProject
Global
	GlobalSection(SolutionConfigurationPlatforms) = preSolution
		Debug|Any CPU = Debug|Any CPU
		Release|Any CPU = Release|Any CPU
	EndGlobalSection
	GlobalSection(ProjectConfigurationPlatforms) = postSolution
		{50A67D4B-17B4-4ED9-A887-2DA1DEFE6EC0}.Debug|Any CPU.ActiveCfg = Debug|Any CPU
		{50A67D4B-17B4-4ED9-A887-2DA1DEFE6EC0}.Debug|Any CPU.Build.0 = Debug|Any CPU
		{50A67D4B-17B4-4ED9-A887-2DA1DEFE6EC0}.Release|Any CPU.ActiveCfg = Release|Any CPU
		{50A67D4B-17B4-4ED9-A887-2DA1DEFE6EC0}.Release|Any CPU.Build.0 = Release|Any CPU
	EndGlobalSection
	GlobalSection(SolutionProperties) = preSolution
		HideSolutionNode = FALSE
	EndGlobalSection
EndGlobal
